{
  "lib/common": {
    "branch": {
      "name": "release-v1.5.1",
      "rev": "20440d03de21fe62970829245872e9adae6cd822"
    }
  },
  "lib/evm-m-extensions": {
    "rev": "87a2f42ab55b5e10771f48fa0d5994bfaa3dca09"
  },
  "lib/forge-std": {
    "branch": {
      "name": "v1",
      "rev": "620536fa5277db4e3fd46772d5cbc1ea0696fb43"
    }
  }
}